
Microsoft Visual Studio Solution File, Format Version 12.00
# Visual Studio Version 16
VisualStudioVersion = 16.0.31112.23
MinimumVisualStudioVersion = 10.0.40219.1
Project("{FAE04EC0-301F-11D3-BF4B-00C04F79EFBC}") = "App4.Android", "App4\App4.Android\App4.Android.csproj", "{8A43244A-043D-4012-AD52-923D87E31411}"
EndProject
Project("{FAE04EC0-301F-11D3-BF4B-00C04F79EFBC}") = "App4.iOS", "App4\App4.iOS\App4.iOS.csproj", "{8143FA12-BD65-464D-A394-16A51A7EB69F}"
EndProject
Project("{FAE04EC0-301F-11D3-BF4B-00C04F79EFBC}") = "App4", "App4\App4\App4.csproj", "{86EEEC0C-D8D5-44BF-B466-81DFFBB26DCB}"
EndProject
Global
	GlobalSection(SolutionConfigurationPlatforms) = preSolution
		Debug|Any CPU = Debug|Any CPU
		Debug|iPhone = Debug|iPhone
		Debug|iPhoneSimulator = Debug|iPhoneSimulator
		Release|Any CPU = Release|Any CPU
		Release|iPhone = Release|iPhone
		Release|iPhoneSimulator = Release|iPhoneSimulator
	EndGlobalSection
	GlobalSection(ProjectConfigurationPlatforms) = postSolution
		{8A43244A-043D-4012-AD52-923D87E31411}.Debug|Any CPU.ActiveCfg = Debug|Any CPU
		{8A43244A-043D-4012-AD52-923D87E31411}.Debug|Any CPU.Build.0 = Debug|Any CPU
		{8A43244A-043D-4012-AD52-923D87E31411}.Debug|Any CPU.Deploy.0 = Debug|Any CPU
		{8A43244A-043D-4012-AD52-923D87E31411}.Debug|iPhone.ActiveCfg = Debug|Any CPU
		{8A43244A-043D-4012-AD52-923D87E31411}.Debug|iPhone.Build.0 = Debug|Any CPU
		{8A43244A-043D-4012-AD52-923D87E31411}.Debug|iPhone.Deploy.0 = Debug|Any CPU
		{8A43244A-043D-4012-AD52-923D87E31411}.Debug|iPhoneSimulator.ActiveCfg = Debug|Any CPU
		{8A43244A-043D-4012-AD52-923D87E31411}.Debug|iPhoneSimulator.Build.0 = Debug|Any CPU
		{8A43244A-043D-4012-AD52-923D87E31411}.Debug|iPhoneSimulator.Deploy.0 = Debug|Any CPU
		{8A43244A-043D-4012-AD52-923D87E31411}.Release|Any CPU.ActiveCfg = Release|Any CPU
		{8A43244A-043D-4012-AD52-923D87E31411}.Release|Any CPU.Build.0 = Release|Any CPU
		{8A43244A-043D-4012-AD52-923D87E31411}.Release|Any CPU.Deploy.0 = Release|Any CPU
		{8A43244A-043D-4012-AD52-923D87E31411}.Release|iPhone.ActiveCfg = Release|Any CPU
		{8A43244A-043D-4012-AD52-923D87E31411}.Release|iPhone.Build.0 = Release|Any CPU
		{8A43244A-043D-4012-AD52-923D87E31411}.Release|iPhone.Deploy.0 = Release|Any CPU
		{8A43244A-043D-4012-AD52-923D87E31411}.Release|iPhoneSimulator.ActiveCfg = Release|Any CPU
		{8A43244A-043D-4012-AD52-923D87E31411}.Release|iPhoneSimulator.Build.0 = Release|Any CPU
		{8A43244A-043D-4012-AD52-923D87E31411}.Release|iPhoneSimulator.Deploy.0 = Release|Any CPU
		{8143FA12-BD65-464D-A394-16A51A7EB69F}.Debug|Any CPU.ActiveCfg = Debug|iPhone
		{8143FA12-BD65-464D-A394-16A51A7EB69F}.Debug|Any CPU.Build.0 = Debug|iPhone
		{8143FA12-BD65-464D-A394-16A51A7EB69F}.Debug|Any CPU.Deploy.0 = Debug|iPhone
		{8143FA12-BD65-464D-A394-16A51A7EB69F}.Debug|iPhone.ActiveCfg = Debug|iPhone
		{8143FA12-BD65-464D-A394-16A51A7EB69F}.Debug|iPhone.Build.0 = Debug|iPhone
		{8143FA12-BD65-464D-A394-16A51A7EB69F}.Debug|iPhone.Deploy.0 = Debug|iPhone
		{8143FA12-BD65-464D-A394-16A51A7EB69F}.Debug|iPhoneSimulator.ActiveCfg = Debug|iPhoneSimulator
		{8143FA12-BD65-464D-A394-16A51A7EB69F}.Debug|iPhoneSimulator.Build.0 = Debug|iPhoneSimulator
		{8143FA12-BD65-464D-A394-16A51A7EB69F}.Debug|iPhoneSimulator.Deploy.0 = Debug|iPhoneSimulator
		{8143FA12-BD65-464D-A394-16A51A7EB69F}.Release|Any CPU.ActiveCfg = Release|iPhoneSimulator
		{8143FA12-BD65-464D-A394-16A51A7EB69F}.Release|Any CPU.Build.0 = Release|iPhoneSimulator
		{8143FA12-BD65-464D-A394-16A51A7EB69F}.Release|Any CPU.Deploy.0 = Release|iPhoneSimulator
		{8143FA12-BD65-464D-A394-16A51A7EB69F}.Release|iPhone.ActiveCfg = Release|iPhone
		{8143FA12-BD65-464D-A394-16A51A7EB69F}.Release|iPhone.Build.0 = Release|iPhone
		{8143FA12-BD65-464D-A394-16A51A7EB69F}.Release|iPhone.Deploy.0 = Release|iPhone
		{8143FA12-BD65-464D-A394-16A51A7EB69F}.Release|iPhoneSimulator.ActiveCfg = Release|iPhoneSimulator
		{8143FA12-BD65-464D-A394-16A51A7EB69F}.Release|iPhoneSimulator.Build.0 = Release|iPhoneSimulator
		{8143FA12-BD65-464D-A394-16A51A7EB69F}.Release|iPhoneSimulator.Deploy.0 = Release|iPhoneSimulator
		{86EEEC0C-D8D5-44BF-B466-81DFFBB26DCB}.Debug|Any CPU.ActiveCfg = Debug|Any CPU
		{86EEEC0C-D8D5-44BF-B466-81DFFBB26DCB}.Debug|Any CPU.Build.0 = Debug|Any CPU
		{86EEEC0C-D8D5-44BF-B466-81DFFBB26DCB}.Debug|Any CPU.Deploy.0 = Debug|Any CPU
		{86EEEC0C-D8D5-44BF-B466-81DFFBB26DCB}.Debug|iPhone.ActiveCfg = Debug|Any CPU
		{86EEEC0C-D8D5-44BF-B466-81DFFBB26DCB}.Debug|iPhone.Build.0 = Debug|Any CPU
		{86EEEC0C-D8D5-44BF-B466-81DFFBB26DCB}.Debug|iPhone.Deploy.0 = Debug|Any CPU
		{86EEEC0C-D8D5-44BF-B466-81DFFBB26DCB}.Debug|iPhoneSimulator.ActiveCfg = Debug|Any CPU
		{86EEEC0C-D8D5-44BF-B466-81DFFBB26DCB}.Debug|iPhoneSimulator.Build.0 = Debug|Any CPU
		{86EEEC0C-D8D5-44BF-B466-81DFFBB26DCB}.Debug|iPhoneSimulator.Deploy.0 = Debug|Any CPU
		{86EEEC0C-D8D5-44BF-B466-81DFFBB26DCB}.Release|Any CPU.ActiveCfg = Release|Any CPU
		{86EEEC0C-D8D5-44BF-B466-81DFFBB26DCB}.Release|Any CPU.Build.0 = Release|Any CPU
		{86EEEC0C-D8D5-44BF-B466-81DFFBB26DCB}.Release|Any CPU.Deploy.0 = Release|Any CPU
		{86EEEC0C-D8D5-44BF-B466-81DFFBB26DCB}.Release|iPhone.ActiveCfg = Release|Any CPU
		{86EEEC0C-D8D5-44BF-B466-81DFFBB26DCB}.Release|iPhone.Build.0 = Release|Any CPU
		{86EEEC0C-D8D5-44BF-B466-81DFFBB26DCB}.Release|iPhone.Deploy.0 = Release|Any CPU
		{86EEEC0C-D8D5-44BF-B466-81DFFBB26DCB}.Release|iPhoneSimulator.ActiveCfg = Release|Any CPU
		{86EEEC0C-D8D5-44BF-B466-81DFFBB26DCB}.Release|iPhoneSimulator.Build.0 = Release|Any CPU
		{86EEEC0C-D8D5-44BF-B466-81DFFBB26DCB}.Release|iPhoneSimulator.Deploy.0 = Release|Any CPU
	EndGlobalSection
	GlobalSection(SolutionProperties) = preSolution
		HideSolutionNode = FALSE
	EndGlobalSection
	GlobalSection(ExtensibilityGlobals) = postSolution
		SolutionGuid = {C6821582-BAA0-4B8F-A45E-C6D48416739C}
	EndGlobalSection
EndGlobal
